
Microsoft Visual Studio Solution File, Format Version 11.00
# Visual Studio 2010
Project("{FAE04EC0-301F-11D3-BF4B-00C04F79EFBC}") = "Assembly-CSharp", "Assembly-CSharp.csproj", "{713398e7-b723-4376-9f4a-1fa846070655}"
EndProject
Project("{FAE04EC0-301F-11D3-BF4B-00C04F79EFBC}") = "Assembly-CSharp-Editor", "Assembly-CSharp-Editor.csproj", "{24af19af-1d0a-35a8-7948-031a3a49ce45}"
EndProject
Global
	GlobalSection(SolutionConfigurationPlatforms) = preSolution
		Debug|Any CPU = Debug|Any CPU
		Release|Any CPU = Release|Any CPU
	EndGlobalSection
	GlobalSection(ProjectConfigurationPlatforms) = postSolution
		{713398e7-b723-4376-9f4a-1fa846070655}.Debug|Any CPU.ActiveCfg = Debug|Any CPU
		{713398e7-b723-4376-9f4a-1fa846070655}.Debug|Any CPU.Build.0 = Debug|Any CPU
		{713398e7-b723-4376-9f4a-1fa846070655}.Release|Any CPU.ActiveCfg = Release|Any CPU
		{713398e7-b723-4376-9f4a-1fa846070655}.Release|Any CPU.Build.0 = Release|Any CPU
		{24af19af-1d0a-35a8-7948-031a3a49ce45}.Debug|Any CPU.ActiveCfg = Debug|Any CPU
		{24af19af-1d0a-35a8-7948-031a3a49ce45}.Debug|Any CPU.Build.0 = Debug|Any CPU
		{24af19af-1d0a-35a8-7948-031a3a49ce45}.Release|Any CPU.ActiveCfg = Release|Any CPU
		{24af19af-1d0a-35a8-7948-031a3a49ce45}.Release|Any CPU.Build.0 = Release|Any CPU
	EndGlobalSection
	GlobalSection(SolutionProperties) = preSolution
		HideSolutionNode = FALSE
	EndGlobalSection
EndGlobal
